
Microsoft Visual Studio Solution File, Format Version 12.00
# Visual Studio 15
VisualStudioVersion = 15.0.26403.3
MinimumVisualStudioVersion = 10.0.40219.1
Project("{FAE04EC0-301F-11D3-BF4B-00C04F79EFBC}") = "AD.IO.Tests", "AD.IO.Tests\AD.IO.Tests.csproj", "{F67BE91C-B33D-4492-9705-AD3F8395A696}"
EndProject
Project("{FAE04EC0-301F-11D3-BF4B-00C04F79EFBC}") = "AD.IO", "AD.IO\AD.IO.csproj", "{DFC6F8CB-2685-48F0-9001-62AFB7D227C5}"
EndProject
Project("{2150E333-8FDC-42A3-9474-1A3956D46DE8}") = "Solution Items", "Solution Items", "{8D5F037E-1B9B-4DC4-A4F4-AC1D7BC4D63B}"
	ProjectSection(SolutionItems) = preProject
		.gitignore = .gitignore
		_config.yml = _config.yml
		README.md = README.md
	EndProjectSection
EndProject
Project("{FAE04EC0-301F-11D3-BF4B-00C04F79EFBC}") = "AD.IO.Standard", "AD.IO.Standard\AD.IO.Standard.csproj", "{B434C890-8862-4D71-8F1E-A13A7E375298}"
EndProject
Global
	GlobalSection(SolutionConfigurationPlatforms) = preSolution
		Debug|Any CPU = Debug|Any CPU
		Release|Any CPU = Release|Any CPU
	EndGlobalSection
	GlobalSection(ProjectConfigurationPlatforms) = postSolution
		{F67BE91C-B33D-4492-9705-AD3F8395A696}.Debug|Any CPU.ActiveCfg = Debug|Any CPU
		{F67BE91C-B33D-4492-9705-AD3F8395A696}.Debug|Any CPU.Build.0 = Debug|Any CPU
		{F67BE91C-B33D-4492-9705-AD3F8395A696}.Release|Any CPU.ActiveCfg = Release|Any CPU
		{F67BE91C-B33D-4492-9705-AD3F8395A696}.Release|Any CPU.Build.0 = Release|Any CPU
		{DFC6F8CB-2685-48F0-9001-62AFB7D227C5}.Debug|Any CPU.ActiveCfg = Debug|Any CPU
		{DFC6F8CB-2685-48F0-9001-62AFB7D227C5}.Debug|Any CPU.Build.0 = Debug|Any CPU
		{DFC6F8CB-2685-48F0-9001-62AFB7D227C5}.Release|Any CPU.ActiveCfg = Release|Any CPU
		{DFC6F8CB-2685-48F0-9001-62AFB7D227C5}.Release|Any CPU.Build.0 = Release|Any CPU
		{B434C890-8862-4D71-8F1E-A13A7E375298}.Debug|Any CPU.ActiveCfg = Debug|Any CPU
		{B434C890-8862-4D71-8F1E-A13A7E375298}.Debug|Any CPU.Build.0 = Debug|Any CPU
		{B434C890-8862-4D71-8F1E-A13A7E375298}.Release|Any CPU.ActiveCfg = Release|Any CPU
		{B434C890-8862-4D71-8F1E-A13A7E375298}.Release|Any CPU.Build.0 = Release|Any CPU
	EndGlobalSection
	GlobalSection(SolutionProperties) = preSolution
		HideSolutionNode = FALSE
	EndGlobalSection
EndGlobal
